<?xml version="1.0" encoding="utf-8"?>
<Project ToolsVersion="4.0" xmlns="http://schemas.microsoft.com/developer/msbuild/2003">
  <ItemGroup>
    <Filter Include="Source Files">
      <UniqueIdentifier>{4FC737F1-C7A5-4376-A066-2A32D752A2FF}</UniqueIdentifier>
      <Extensions>cpp;c;cc;cxx;c++;cppm;ixx;def;odl;idl;hpj;bat;asm;asmx</Extensions>
    </Filter>
    <Filter Include="Header Files">
      <UniqueIdentifier>{93995380-89BD-4b04-88EB-625FBE52EBFB}</UniqueIdentifier>
      <Extensions>h;hh;hpp;hxx;h++;hm;inl;inc;ipp;xsd</Extensions>
    </Filter>
    <Filter Include="Resource Files">
      <UniqueIdentifier>{67DA6AB6-F800-4c08-8B7A-83BB121AAD01}</UniqueIdentifier>
      <Extensions>rc;ico;cur;bmp;dlg;rc2;rct;bin;rgs;gif;jpg;jpeg;jpe;resx;tiff;tif;png;wav;mfcribbon-ms</Extensions>
    </Filter>
  </ItemGroup>
  <ItemGroup>
    <ClCompile Include="src\vendor\glad\glad.c">
      <Filter>Source Files</Filter>
    </ClCompile>
    <ClCompile Include="src\Main.cpp">
      <Filter>Source Files</Filter>
    </ClCompile>
    <ClCompile Include="src\vendor\stbi\stb_image.cpp">
      <Filter>Source Files</Filter>
    </ClCompile>
    <ClCompile Include="src\game\camera\Camera.cpp">
      <Filter>Source Files</Filter>
    </ClCompile>
    <ClCompile Include="src\game\actor\Actor.cpp">
      <Filter>Source Files</Filter>
    </ClCompile>
    <ClCompile Include="src\vendor\imgui\imgui.cpp">
      <Filter>Source Files</Filter>
    </ClCompile>
    <ClCompile Include="src\vendor\imgui\imgui_demo.cpp">
      <Filter>Source Files</Filter>
    </ClCompile>
    <ClCompile Include="src\vendor\imgui\imgui_draw.cpp">
      <Filter>Source Files</Filter>
    </ClCompile>
    <ClCompile Include="src\vendor\imgui\imgui_impl_glfw.cpp">
      <Filter>Source Files</Filter>
    </ClCompile>
    <ClCompile Include="src\vendor\imgui\imgui_impl_opengl3.cpp">
      <Filter>Source Files</Filter>
    </ClCompile>
    <ClCompile Include="src\vendor\imgui\imgui_tables.cpp">
      <Filter>Source Files</Filter>
    </ClCompile>
    <ClCompile Include="src\vendor\imgui\imgui_widgets.cpp">
      <Filter>Source Files</Filter>
    </ClCompile>
    <ClCompile Include="src\game\world\World.cpp">
      <Filter>Source Files</Filter>
    </ClCompile>
    <ClCompile Include="src\ui\imgui\ImGuiActorAdapter.cpp">
      <Filter>Source Files</Filter>
    </ClCompile>
    <ClCompile Include="src\ui\UiActorAdapter.cpp">
      <Filter>Source Files</Filter>
    </ClCompile>
    <ClCompile Include="src\game\component\ActorComponent.cpp">
      <Filter>Source Files</Filter>
    </ClCompile>
    <ClCompile Include="src\game\component\TransformComponent.cpp">
      <Filter>Source Files</Filter>
    </ClCompile>
    <ClCompile Include="src\game\component\RendererComponent.cpp">
      <Filter>Source Files</Filter>
    </ClCompile>
    <ClCompile Include="src\game\component\ModelRendererComponent.cpp">
      <Filter>Source Files</Filter>
    </ClCompile>
    <ClCompile Include="src\game\component\PointLightComponent.cpp">
      <Filter>Source Files</Filter>
    </ClCompile>
    <ClCompile Include="src\game\component\LightComponent.cpp">
      <Filter>Source Files</Filter>
    </ClCompile>
    <ClCompile Include="src\game\component\DirectionalLightComponent.cpp">
      <Filter>Source Files</Filter>
    </ClCompile>
    <ClCompile Include="src\game\component\SpriteRendererComponent.cpp">
      <Filter>Source Files</Filter>
    </ClCompile>
    <ClCompile Include="src\ui\UiComponentAdapter.cpp">
      <Filter>Source Files</Filter>
    </ClCompile>
    <ClCompile Include="src\ui\UiAdapterFactory.cpp">
      <Filter>Source Files</Filter>
    </ClCompile>
    <ClCompile Include="src\ui\imgui\ImGuiAdapterFactory.cpp">
      <Filter>Source Files</Filter>
    </ClCompile>
    <ClCompile Include="src\ui\imgui\ImGuiTransformComponentAdapter.cpp">
      <Filter>Source Files</Filter>
    </ClCompile>
    <ClCompile Include="src\ui\imgui\ImGuiModelRendererComponentAdapter.cpp">
      <Filter>Source Files</Filter>
    </ClCompile>
    <ClCompile Include="src\ui\imgui\ImGuiSpriteRendererComponentAdapter.cpp">
      <Filter>Source Files</Filter>
    </ClCompile>
    <ClCompile Include="src\ui\imgui\ImGuiDirectionalLightComponentAdapter.cpp">
      <Filter>Source Files</Filter>
    </ClCompile>
    <ClCompile Include="src\ui\imgui\ImGuiPointLightComponentAdapter.cpp">
      <Filter>Source Files</Filter>
    </ClCompile>
    <ClCompile Include="src\engine\graphics\material\Material.cpp">
      <Filter>Source Files</Filter>
    </ClCompile>
    <ClCompile Include="src\vendor\tfd\tinyfiledialogs.c">
      <Filter>Source Files</Filter>
    </ClCompile>
    <ClCompile Include="src\infrastructure\graphics\shader\GlShaderLoader.cpp">
      <Filter>Source Files</Filter>
    </ClCompile>
    <ClCompile Include="src\infrastructure\graphics\shader\GlShader.cpp">
      <Filter>Source Files</Filter>
    </ClCompile>
    <ClCompile Include="src\infrastructure\graphics\globaldata\GlGlobalDataTypes.cpp">
      <Filter>Source Files</Filter>
    </ClCompile>
    <ClCompile Include="src\infrastructure\graphics\globaldata\GlGlobalDataType.cpp">
      <Filter>Source Files</Filter>
    </ClCompile>
    <ClCompile Include="src\infrastructure\graphics\globaldata\GlGlobalData.cpp">
      <Filter>Source Files</Filter>
    </ClCompile>
    <ClCompile Include="src\infrastructure\graphics\engine\GlGraphicsEngine.cpp">
      <Filter>Source Files</Filter>
    </ClCompile>
    <ClCompile Include="src\engine\graphics\globaldata\GlobalData.cpp">
      <Filter>Source Files</Filter>
    </ClCompile>
    <ClCompile Include="src\engine\graphics\engine\GraphicsEngine.cpp">
      <Filter>Source Files</Filter>
    </ClCompile>
    <ClCompile Include="src\engine\graphics\lighting\PointLight.cpp">
      <Filter>Source Files</Filter>
    </ClCompile>
    <ClCompile Include="src\engine\graphics\lighting\DirectionalLight.cpp">
      <Filter>Source Files</Filter>
    </ClCompile>
    <ClCompile Include="src\game\component\SkyboxRendererComponent.cpp">
      <Filter>Source Files</Filter>
    </ClCompile>
    <ClCompile Include="src\infrastructure\graphics\engine\GlRenderSurface.cpp">
      <Filter>Source Files</Filter>
    </ClCompile>
    <ClCompile Include="src\infrastructure\graphics\engine\GlFramebuffer.cpp">
      <Filter>Source Files</Filter>
    </ClCompile>
    <ClCompile Include="src\infrastructure\graphics\engine\GlRenderbuffer.cpp">
      <Filter>Source Files</Filter>
    </ClCompile>
    <ClCompile Include="src\engine\graphics\material\MaterialTemplate.cpp">
      <Filter>Source Files</Filter>
    </ClCompile>
    <ClCompile Include="src\engine\graphics\material\MaterialAttribute.cpp">
      <Filter>Source Files</Filter>
    </ClCompile>
    <ClCompile Include="src\engine\graphics\material\MaterialAttributes.cpp">
      <Filter>Source Files</Filter>
    </ClCompile>
    <ClCompile Include="src\game\asset\shader\ShaderRegistry.cpp">
      <Filter>Source Files</Filter>
    </ClCompile>
    <ClCompile Include="src\engine\object\ObjectID.cpp">
      <Filter>Source Files</Filter>
    </ClCompile>
    <ClCompile Include="src\engine\object\Object.cpp">
      <Filter>Source Files</Filter>
    </ClCompile>
    <ClCompile Include="src\infrastructure\graphics\skybox\GlSkybox.cpp">
      <Filter>Source Files</Filter>
    </ClCompile>
    <ClCompile Include="src\engine\graphics\skybox\Skybox.cpp">
      <Filter>Source Files</Filter>
    </ClCompile>
    <ClCompile Include="src\infrastructure\graphics\cubemap\GlCubemap.cpp">
      <Filter>Source Files</Filter>
    </ClCompile>
    <ClCompile Include="src\infrastructure\graphics\texture\GlTexture.cpp">
      <Filter>Source Files</Filter>
    </ClCompile>
    <ClCompile Include="src\infrastructure\graphics\sprite\GlSprite.cpp">
      <Filter>Source Files</Filter>
    </ClCompile>
    <ClCompile Include="src\infrastructure\graphics\mesh\GlMesh.cpp">
      <Filter>Source Files</Filter>
    </ClCompile>
    <ClCompile Include="src\engine\graphics\cubemap\Cubemap.cpp">
      <Filter>Source Files</Filter>
    </ClCompile>
    <ClCompile Include="src\engine\graphics\sprite\Sprite.cpp">
      <Filter>Source Files</Filter>
    </ClCompile>
    <ClCompile Include="src\engine\graphics\mesh\Mesh.cpp">
      <Filter>Source Files</Filter>
    </ClCompile>
    <ClCompile Include="src\engine\graphics\model\Model.cpp">
      <Filter>Source Files</Filter>
    </ClCompile>
    <ClCompile Include="src\engine\graphics\shader\Shader.cpp">
      <Filter>Source Files</Filter>
    </ClCompile>
    <ClCompile Include="src\engine\graphics\texture\Texture.cpp">
      <Filter>Source Files</Filter>
    </ClCompile>
    <ClCompile Include="src\engine\graphics\mesh\Vertex.cpp">
      <Filter>Source Files</Filter>
    </ClCompile>
    <ClCompile Include="src\game\asset\shader\ShaderLoader.cpp">
      <Filter>Source Files</Filter>
    </ClCompile>
    <ClCompile Include="src\engine\asset\Asset.cpp">
      <Filter>Source Files</Filter>
    </ClCompile>
    <ClCompile Include="src\engine\asset\AssetDescriptor.cpp">
      <Filter>Source Files</Filter>
    </ClCompile>
    <ClCompile Include="src\engine\asset\AssetRegistry.cpp">
      <Filter>Source Files</Filter>
    </ClCompile>
    <ClCompile Include="src\engine\asset\AssetFactory.cpp">
      <Filter>Source Files</Filter>
    </ClCompile>
    <ClCompile Include="src\engine\asset\AssetRepository.cpp">
      <Filter>Source Files</Filter>
    </ClCompile>
    <ClCompile Include="src\engine\asset\AssetManager.cpp">
      <Filter>Source Files</Filter>
    </ClCompile>
    <ClCompile Include="src\engine\object\ObjectType.cpp">
      <Filter>Source Files</Filter>
    </ClCompile>
    <ClCompile Include="src\engine\asset\AssetID.cpp">
      <Filter>Source Files</Filter>
    </ClCompile>
    <ClCompile Include="src\engine\asset\AssetRegistryEntry.cpp">
      <Filter>Source Files</Filter>
    </ClCompile>
  </ItemGroup>
  <ItemGroup>
    <ClInclude Include="src\vendor\stbi\stb_image.h">
      <Filter>Header Files</Filter>
    </ClInclude>
    <ClInclude Include="src\game\camera\Camera.h">
      <Filter>Header Files</Filter>
    </ClInclude>
    <ClInclude Include="src\game\actor\Actor.h">
      <Filter>Header Files</Filter>
    </ClInclude>
    <ClInclude Include="src\vendor\imgui\imconfig.h">
      <Filter>Header Files</Filter>
    </ClInclude>
    <ClInclude Include="src\vendor\imgui\imgui.h">
      <Filter>Header Files</Filter>
    </ClInclude>
    <ClInclude Include="src\vendor\imgui\imgui_impl_glfw.h">
      <Filter>Header Files</Filter>
    </ClInclude>
    <ClInclude Include="src\vendor\imgui\imgui_impl_opengl3.h">
      <Filter>Header Files</Filter>
    </ClInclude>
    <ClInclude Include="src\vendor\imgui\imgui_impl_opengl3_loader.h">
      <Filter>Header Files</Filter>
    </ClInclude>
    <ClInclude Include="src\vendor\imgui\imgui_internal.h">
      <Filter>Header Files</Filter>
    </ClInclude>
    <ClInclude Include="src\vendor\imgui\imstb_rectpack.h">
      <Filter>Header Files</Filter>
    </ClInclude>
    <ClInclude Include="src\vendor\imgui\imstb_textedit.h">
      <Filter>Header Files</Filter>
    </ClInclude>
    <ClInclude Include="src\vendor\imgui\imstb_truetype.h">
      <Filter>Header Files</Filter>
    </ClInclude>
    <ClInclude Include="src\game\world\World.h">
      <Filter>Header Files</Filter>
    </ClInclude>
    <ClInclude Include="src\ui\UiAdapter.h">
      <Filter>Header Files</Filter>
    </ClInclude>
    <ClInclude Include="src\ui\UiActorAdapter.h">
      <Filter>Header Files</Filter>
    </ClInclude>
    <ClInclude Include="src\ui\imgui\ImGuiActorAdapter.h">
      <Filter>Header Files</Filter>
    </ClInclude>
    <ClInclude Include="src\game\component\ActorComponent.h">
      <Filter>Header Files</Filter>
    </ClInclude>
    <ClInclude Include="src\game\component\TransformComponent.h">
      <Filter>Header Files</Filter>
    </ClInclude>
    <ClInclude Include="src\game\component\RendererComponent.h">
      <Filter>Header Files</Filter>
    </ClInclude>
    <ClInclude Include="src\game\component\ModelRendererComponent.h">
      <Filter>Header Files</Filter>
    </ClInclude>
    <ClInclude Include="src\game\component\PointLightComponent.h">
      <Filter>Header Files</Filter>
    </ClInclude>
    <ClInclude Include="src\game\component\LightComponent.h">
      <Filter>Header Files</Filter>
    </ClInclude>
    <ClInclude Include="src\game\component\DirectionalLightComponent.h">
      <Filter>Header Files</Filter>
    </ClInclude>
    <ClInclude Include="src\game\component\SpriteRendererComponent.h">
      <Filter>Header Files</Filter>
    </ClInclude>
    <ClInclude Include="src\ui\UiComponentAdapter.h">
      <Filter>Header Files</Filter>
    </ClInclude>
    <ClInclude Include="src\ui\UiAdapterFactory.h">
      <Filter>Header Files</Filter>
    </ClInclude>
    <ClInclude Include="src\ui\imgui\ImGuiAdapterFactory.h">
      <Filter>Header Files</Filter>
    </ClInclude>
    <ClInclude Include="src\ui\imgui\ImGuiTransformComponentAdapter.h">
      <Filter>Header Files</Filter>
    </ClInclude>
    <ClInclude Include="src\ui\imgui\ImGuiModelRendererComponentAdapter.h">
      <Filter>Header Files</Filter>
    </ClInclude>
    <ClInclude Include="src\ui\imgui\ImGuiSpriteRendererComponentAdapter.h">
      <Filter>Header Files</Filter>
    </ClInclude>
    <ClInclude Include="src\ui\imgui\ImGuiDirectionalLightComponentAdapter.h">
      <Filter>Header Files</Filter>
    </ClInclude>
    <ClInclude Include="src\ui\imgui\ImGuiPointLightComponentAdapter.h">
      <Filter>Header Files</Filter>
    </ClInclude>
    <ClInclude Include="src\engine\graphics\material\Material.h">
      <Filter>Header Files</Filter>
    </ClInclude>
    <ClInclude Include="src\vendor\tfd\tinyfiledialogs.h">
      <Filter>Header Files</Filter>
    </ClInclude>
    <ClInclude Include="src\infrastructure\graphics\shader\GlShaderLoader.h">
      <Filter>Header Files</Filter>
    </ClInclude>
    <ClInclude Include="src\infrastructure\graphics\shader\GlShader.h">
      <Filter>Header Files</Filter>
    </ClInclude>
    <ClInclude Include="src\infrastructure\graphics\globaldata\GlGlobalDataTypes.h">
      <Filter>Header Files</Filter>
    </ClInclude>
    <ClInclude Include="src\infrastructure\graphics\globaldata\GlGlobalDataType.h">
      <Filter>Header Files</Filter>
    </ClInclude>
    <ClInclude Include="src\infrastructure\graphics\globaldata\GlGlobalData.h">
      <Filter>Header Files</Filter>
    </ClInclude>
    <ClInclude Include="src\infrastructure\graphics\engine\GlGraphicsEngine.h">
      <Filter>Header Files</Filter>
    </ClInclude>
    <ClInclude Include="src\engine\graphics\globaldata\GlobalData.h">
      <Filter>Header Files</Filter>
    </ClInclude>
    <ClInclude Include="src\engine\graphics\engine\GraphicsEngine.h">
      <Filter>Header Files</Filter>
    </ClInclude>
    <ClInclude Include="src\engine\graphics\lighting\PointLight.h">
      <Filter>Header Files</Filter>
    </ClInclude>
    <ClInclude Include="src\engine\graphics\lighting\DirectionalLight.h">
      <Filter>Header Files</Filter>
    </ClInclude>
    <ClInclude Include="src\game\component\SkyboxRendererComponent.h">
      <Filter>Header Files</Filter>
    </ClInclude>
    <ClInclude Include="src\infrastructure\graphics\engine\GlRenderSurface.h">
      <Filter>Header Files</Filter>
    </ClInclude>
    <ClInclude Include="src\infrastructure\graphics\engine\GlFramebuffer.h">
      <Filter>Header Files</Filter>
    </ClInclude>
    <ClInclude Include="src\infrastructure\graphics\engine\GlRenderbuffer.h">
      <Filter>Header Files</Filter>
    </ClInclude>
    <ClInclude Include="src\engine\graphics\material\MaterialTemplate.h">
      <Filter>Header Files</Filter>
    </ClInclude>
    <ClInclude Include="src\engine\graphics\material\MaterialAttribute.h">
      <Filter>Header Files</Filter>
    </ClInclude>
    <ClInclude Include="src\engine\graphics\material\MaterialAttributes.h">
      <Filter>Header Files</Filter>
    </ClInclude>
    <ClInclude Include="src\game\asset\shader\ShaderRegistry.h">
      <Filter>Header Files</Filter>
    </ClInclude>
    <ClInclude Include="src\engine\object\ObjectID.h">
      <Filter>Header Files</Filter>
    </ClInclude>
    <ClInclude Include="src\engine\object\Object.h">
      <Filter>Header Files</Filter>
    </ClInclude>
    <ClInclude Include="src\infrastructure\graphics\skybox\GlSkybox.h">
      <Filter>Header Files</Filter>
    </ClInclude>
    <ClInclude Include="src\engine\graphics\skybox\Skybox.h">
      <Filter>Header Files</Filter>
    </ClInclude>
    <ClInclude Include="src\infrastructure\graphics\cubemap\GlCubemap.h">
      <Filter>Header Files</Filter>
    </ClInclude>
    <ClInclude Include="src\infrastructure\graphics\texture\GlTexture.h">
      <Filter>Header Files</Filter>
    </ClInclude>
    <ClInclude Include="src\infrastructure\graphics\sprite\GlSprite.h">
      <Filter>Header Files</Filter>
    </ClInclude>
    <ClInclude Include="src\infrastructure\graphics\mesh\GlMesh.h">
      <Filter>Header Files</Filter>
    </ClInclude>
    <ClInclude Include="src\engine\graphics\cubemap\Cubemap.h">
      <Filter>Header Files</Filter>
    </ClInclude>
    <ClInclude Include="src\engine\graphics\sprite\Sprite.h">
      <Filter>Header Files</Filter>
    </ClInclude>
    <ClInclude Include="src\engine\graphics\mesh\Mesh.h">
      <Filter>Header Files</Filter>
    </ClInclude>
    <ClInclude Include="src\engine\graphics\model\Model.h">
      <Filter>Header Files</Filter>
    </ClInclude>
    <ClInclude Include="src\engine\graphics\shader\Shader.h">
      <Filter>Header Files</Filter>
    </ClInclude>
    <ClInclude Include="src\engine\graphics\texture\Texture.h">
      <Filter>Header Files</Filter>
    </ClInclude>
    <ClInclude Include="src\engine\graphics\mesh\Vertex.h">
      <Filter>Header Files</Filter>
    </ClInclude>
    <ClInclude Include="src\game\asset\shader\ShaderLoader.h">
      <Filter>Header Files</Filter>
    </ClInclude>
    <ClInclude Include="src\engine\asset\Asset.h">
      <Filter>Header Files</Filter>
    </ClInclude>
    <ClInclude Include="src\engine\asset\AssetDescriptor.h">
      <Filter>Header Files</Filter>
    </ClInclude>
    <ClInclude Include="src\engine\asset\AssetRegistry.h">
      <Filter>Header Files</Filter>
    </ClInclude>
    <ClInclude Include="src\engine\asset\AssetFactory.h">
      <Filter>Header Files</Filter>
    </ClInclude>
    <ClInclude Include="src\engine\asset\AssetRepository.h">
      <Filter>Header Files</Filter>
    </ClInclude>
    <ClInclude Include="src\engine\asset\AssetManager.h">
      <Filter>Header Files</Filter>
    </ClInclude>
    <ClInclude Include="src\engine\object\ObjectType.h">
      <Filter>Header Files</Filter>
    </ClInclude>
    <ClInclude Include="src\engine\asset\AssetID.h">
      <Filter>Header Files</Filter>
    </ClInclude>
    <ClInclude Include="src\engine\asset\AssetRegistryEntry.h">
      <Filter>Header Files</Filter>
    </ClInclude>
  </ItemGroup>
  <ItemGroup>
    <CopyFileToFolders Include="dlls\assimp-vc143-mt.dll" />
  </ItemGroup>
  <ItemGroup>
    <None Include="shaders\phong.shader" />
    <None Include="shaders\refraction.shader" />
    <None Include="shaders\reflection.shader" />
    <None Include="shaders\render.shader" />
    <None Include="shaders\skybox.shader" />
    <None Include="shaders\sprite.shader" />
    <None Include="shaders\chromatic_aberration.shader" />
  </ItemGroup>
</Project>